Microsoft Visual Studio Solution File, Format Version 12.00
# Visual Studio Version 17
VisualStudioVersion = 17.5.2.0
MinimumVisualStudioVersion = 10.0.40219.1
Project("{2150E333-8FDC-42A3-9474-1A3956D46DE8}") = "aviator-plugin-sample", "aviator-plugin-sample", "{D9C2A617-2D74-21E8-18F9-6271DEBC369F}"
EndProject
Project("{2150E333-8FDC-42A3-9474-1A3956D46DE8}") = "src", "src", "{0F68FFEF-B5E7-B573-2E6B-C1ADBF8BB1F2}"
EndProject
Project("{2150E333-8FDC-42A3-9474-1A3956D46DE8}") = "src", "src", "{0B3014F9-4261-77B3-97F5-1FEE82920A8E}"
EndProject
Project("{FAE04EC0-301F-11D3-BF4B-00C04F79EFBC}") = "ContentBridge.Core", "aviator-plugin-sample\src\src\ContentBridge.Core\ContentBridge.Core.csproj", "{C09DF6B0-57B0-82EA-CDE8-43D8E0018DA7}"
EndProject
Project("{2150E333-8FDC-42A3-9474-1A3956D46DE8}") = "ContentBridge.Core (1)", "ContentBridge.Core (1)", "{8ED9943F-8FDC-CE46-F0C5-76D85929CA1E}"
EndProject
Project("{FAE04EC0-301F-11D3-BF4B-00C04F79EFBC}") = "ContentBridge.CoreTests", "aviator-plugin-sample\src\src\ContentBridge.Core\ContentBridge.CoreTests.csproj", "{5962FD56-2FAB-D19A-3031-8F1017317BCC}"
EndProject
Global
	GlobalSection(SolutionConfigurationPlatforms) = preSolution
		Debug|Any CPU = Debug|Any CPU
		Release|Any CPU = Release|Any CPU
	EndGlobalSection
	GlobalSection(ProjectConfigurationPlatforms) = postSolution
		{C09DF6B0-57B0-82EA-CDE8-43D8E0018DA7}.Debug|Any CPU.ActiveCfg = Debug|Any CPU
		{C09DF6B0-57B0-82EA-CDE8-43D8E0018DA7}.Debug|Any CPU.Build.0 = Debug|Any CPU
		{C09DF6B0-57B0-82EA-CDE8-43D8E0018DA7}.Release|Any CPU.ActiveCfg = Release|Any CPU
		{C09DF6B0-57B0-82EA-CDE8-43D8E0018DA7}.Release|Any CPU.Build.0 = Release|Any CPU
		{5962FD56-2FAB-D19A-3031-8F1017317BCC}.Debug|Any CPU.ActiveCfg = Debug|Any CPU
		{5962FD56-2FAB-D19A-3031-8F1017317BCC}.Debug|Any CPU.Build.0 = Debug|Any CPU
		{5962FD56-2FAB-D19A-3031-8F1017317BCC}.Release|Any CPU.ActiveCfg = Release|Any CPU
		{5962FD56-2FAB-D19A-3031-8F1017317BCC}.Release|Any CPU.Build.0 = Release|Any CPU
	EndGlobalSection
	GlobalSection(SolutionProperties) = preSolution
		HideSolutionNode = FALSE
	EndGlobalSection
	GlobalSection(NestedProjects) = preSolution
		{0F68FFEF-B5E7-B573-2E6B-C1ADBF8BB1F2} = {D9C2A617-2D74-21E8-18F9-6271DEBC369F}
		{0B3014F9-4261-77B3-97F5-1FEE82920A8E} = {0F68FFEF-B5E7-B573-2E6B-C1ADBF8BB1F2}
		{C09DF6B0-57B0-82EA-CDE8-43D8E0018DA7} = {0B3014F9-4261-77B3-97F5-1FEE82920A8E}
		{8ED9943F-8FDC-CE46-F0C5-76D85929CA1E} = {0B3014F9-4261-77B3-97F5-1FEE82920A8E}
		{5962FD56-2FAB-D19A-3031-8F1017317BCC} = {8ED9943F-8FDC-CE46-F0C5-76D85929CA1E}
	EndGlobalSection
	GlobalSection(ExtensibilityGlobals) = postSolution
		SolutionGuid = {86E55C10-0894-4F18-9963-268DB31EC7E1}
	EndGlobalSection
EndGlobal
